
Microsoft Visual Studio Solution File, Format Version 12.00
# Visual Studio Version 16
VisualStudioVersion = 16.0.30804.86
MinimumVisualStudioVersion = 10.0.40219.1
Project("{FAE04EC0-301F-11D3-BF4B-00C04F79EFBC}") = "EscapeFromTarkov", "EscapeFromTarkov.csproj", "{A6F60260-7312-4D5D-A61D-C4734F38A8AA}"
EndProject
Global
	GlobalSection(SolutionConfigurationPlatforms) = preSolution
		Debug|Any CPU = Debug|Any CPU
		Release|Any CPU = Release|Any CPU
	EndGlobalSection
	GlobalSection(ProjectConfigurationPlatforms) = postSolution
		{A6F60260-7312-4D5D-A61D-C4734F38A8AA}.Debug|Any CPU.ActiveCfg = Debug|Any CPU
		{A6F60260-7312-4D5D-A61D-C4734F38A8AA}.Debug|Any CPU.Build.0 = Debug|Any CPU
		{A6F60260-7312-4D5D-A61D-C4734F38A8AA}.Release|Any CPU.ActiveCfg = Release|Any CPU
		{A6F60260-7312-4D5D-A61D-C4734F38A8AA}.Release|Any CPU.Build.0 = Release|Any CPU
	EndGlobalSection
	GlobalSection(SolutionProperties) = preSolution
		HideSolutionNode = FALSE
	EndGlobalSection
	GlobalSection(ExtensibilityGlobals) = postSolution
		SolutionGuid = {A042790F-27BC-4EAC-9F6F-7DC0C2D5CD85}
	EndGlobalSection
EndGlobal
